
Microsoft Visual Studio Solution File, Format Version 12.00
# Visual Studio 14
VisualStudioVersion = 14.0.25420.1
MinimumVisualStudioVersion = 10.0.40219.1
Project("{FAE04EC0-301F-11D3-BF4B-00C04F79EFBC}") = "FastNews", "FastNews\FastNews.csproj", "{B6BFC9E3-BEB7-4F0D-9444-B477A72D73CD}"
EndProject
Project("{FAE04EC0-301F-11D3-BF4B-00C04F79EFBC}") = "FastNews.Tests", "FastNews.Tests\FastNews.Tests.csproj", "{676DDD54-983A-4384-843C-AF1CC6DF7921}"
EndProject
Project("{FAE04EC0-301F-11D3-BF4B-00C04F79EFBC}") = "Models", "Models\Models.csproj", "{F2359B66-D446-4986-A35E-216F4272EB60}"
EndProject
Global
	GlobalSection(SolutionConfigurationPlatforms) = preSolution
		Debug|Any CPU = Debug|Any CPU
		Release|Any CPU = Release|Any CPU
	EndGlobalSection
	GlobalSection(ProjectConfigurationPlatforms) = postSolution
		{B6BFC9E3-BEB7-4F0D-9444-B477A72D73CD}.Debug|Any CPU.ActiveCfg = Debug|Any CPU
		{B6BFC9E3-BEB7-4F0D-9444-B477A72D73CD}.Debug|Any CPU.Build.0 = Debug|Any CPU
		{B6BFC9E3-BEB7-4F0D-9444-B477A72D73CD}.Release|Any CPU.ActiveCfg = Release|Any CPU
		{B6BFC9E3-BEB7-4F0D-9444-B477A72D73CD}.Release|Any CPU.Build.0 = Release|Any CPU
		{676DDD54-983A-4384-843C-AF1CC6DF7921}.Debug|Any CPU.ActiveCfg = Debug|Any CPU
		{676DDD54-983A-4384-843C-AF1CC6DF7921}.Debug|Any CPU.Build.0 = Debug|Any CPU
		{676DDD54-983A-4384-843C-AF1CC6DF7921}.Release|Any CPU.ActiveCfg = Release|Any CPU
		{676DDD54-983A-4384-843C-AF1CC6DF7921}.Release|Any CPU.Build.0 = Release|Any CPU
		{F2359B66-D446-4986-A35E-216F4272EB60}.Debug|Any CPU.ActiveCfg = Debug|Any CPU
		{F2359B66-D446-4986-A35E-216F4272EB60}.Debug|Any CPU.Build.0 = Debug|Any CPU
		{F2359B66-D446-4986-A35E-216F4272EB60}.Release|Any CPU.ActiveCfg = Release|Any CPU
		{F2359B66-D446-4986-A35E-216F4272EB60}.Release|Any CPU.Build.0 = Release|Any CPU
	EndGlobalSection
	GlobalSection(SolutionProperties) = preSolution
		HideSolutionNode = FALSE
	EndGlobalSection
EndGlobal
